// !$*UTF8*$!
{
	archiveVersion = 1;
	classes = {
	};
	objectVersion = 50;
	objects = {

/* Begin PBXBuildFile section */
		4AB4C29B276AC60D00910D44 /* AppDelegate.swift in Sources */ = {isa = PBXBuildFile; fileRef = 4AB4C29A276AC60D00910D44 /* AppDelegate.swift */; };
		4AB4C29D276AC60D00910D44 /* SceneDelegate.swift in Sources */ = {isa = PBXBuildFile; fileRef = 4AB4C29C276AC60D00910D44 /* SceneDelegate.swift */; };
		4AB4C29F276AC60D00910D44 /* ViewController.swift in Sources */ = {isa = PBXBuildFile; fileRef = 4AB4C29E276AC60D00910D44 /* ViewController.swift */; };
		4AB4C2A2276AC60D00910D44 /* Main.storyboard in Resources */ = {isa = PBXBuildFile; fileRef = 4AB4C2A0276AC60D00910D44 /* Main.storyboard */; };
		4AB4C2A4276AC60E00910D44 /* Assets.xcassets in Resources */ = {isa = PBXBuildFile; fileRef = 4AB4C2A3276AC60E00910D44 /* Assets.xcassets */; };
		4AB4C2A7276AC60E00910D44 /* LaunchScreen.storyboard in Resources */ = {isa = PBXBuildFile; fileRef = 4AB4C2A5276AC60E00910D44 /* LaunchScreen.storyboard */; };
		4AB4C2B2276AC60F00910D44 /* Swift_Asynch_Wait_OperationTests.swift in Sources */ = {isa = PBXBuildFile; fileRef = 4AB4C2B1276AC60F00910D44 /* Swift_Asynch_Wait_OperationTests.swift */; };
		4AB4C2BD276AC60F00910D44 /* Swift_Asynch_Wait_OperationUITests.swift in Sources */ = {isa = PBXBuildFile; fileRef = 4AB4C2BC276AC60F00910D44 /* Swift_Asynch_Wait_OperationUITests.swift */; };
/* End PBXBuildFile section */

/* Begin PBXContainerItemProxy section */
		4AB4C2AE276AC60F00910D44 /* PBXContainerItemProxy */ = {
			isa = PBXContainerItemProxy;
			containerPortal = 4AB4C28F276AC60D00910D44 /* Project object */;
			proxyType = 1;
			remoteGlobalIDString = 4AB4C296276AC60D00910D44;
			remoteInfo = "Swift-Asynch-Wait-Operation";
		};
		4AB4C2B9276AC60F00910D44 /* PBXContainerItemProxy */ = {
			isa = PBXContainerItemProxy;
			containerPortal = 4AB4C28F276AC60D00910D44 /* Project object */;
			proxyType = 1;
			remoteGlobalIDString = 4AB4C296276AC60D00910D44;
			remoteInfo = "Swift-Asynch-Wait-Operation";
		};
/* End PBXContainerItemProxy section */

/* Begin PBXFileReference section */
		4AB4C297276AC60D00910D44 /* Swift-Asynch-Wait-Operation.app */ = {isa = PBXFileReference; explicitFileType = wrapper.application; includeInIndex = 0; path = "Swift-Asynch-Wait-Operation.app"; sourceTree = BUILT_PRODUCTS_DIR; };
		4AB4C29A276AC60D00910D44 /* AppDelegate.swift */ = {isa = PBXFileReference; lastKnownFileType = sourcecode.swift; path = AppDelegate.swift; sourceTree = "<group>"; };
		4AB4C29C276AC60D00910D44 /* SceneDelegate.swift */ = {isa = PBXFileReference; lastKnownFileType = sourcecode.swift; path = SceneDelegate.swift; sourceTree = "<group>"; };
		4AB4C29E276AC60D00910D44 /* ViewController.swift */ = {isa = PBXFileReference; lastKnownFileType = sourcecode.swift; path = ViewController.swift; sourceTree = "<group>"; };
		4AB4C2A1276AC60D00910D44 /* Base */ = {isa = PBXFileReference; lastKnownFileType = file.storyboard; name = Base; path = Base.lproj/Main.storyboard; sourceTree = "<group>"; };
		4AB4C2A3276AC60E00910D44 /* Assets.xcassets */ = {isa = PBXFileReference; lastKnownFileType = folder.assetcatalog; path = Assets.xcassets; sourceTree = "<group>"; };
		4AB4C2A6276AC60E00910D44 /* Base */ = {isa = PBXFileReference; lastKnownFileType = file.storyboard; name = Base; path = Base.lproj/LaunchScreen.storyboard; sourceTree = "<group>"; };
		4AB4C2A8276AC60E00910D44 /* Info.plist */ = {isa = PBXFileReference; lastKnownFileType = text.plist.xml; path = Info.plist; sourceTree = "<group>"; };
		4AB4C2AD276AC60F00910D44 /* Swift-Asynch-Wait-OperationTests.xctest */ = {isa = PBXFileReference; explicitFileType = wrapper.cfbundle; includeInIndex = 0; path = "Swift-Asynch-Wait-OperationTests.xctest"; sourceTree = BUILT_PRODUCTS_DIR; };
		4AB4C2B1276AC60F00910D44 /* Swift_Asynch_Wait_OperationTests.swift */ = {isa = PBXFileReference; lastKnownFileType = sourcecode.swift; path = Swift_Asynch_Wait_OperationTests.swift; sourceTree = "<group>"; };
		4AB4C2B3276AC60F00910D44 /* Info.plist */ = {isa = PBXFileReference; lastKnownFileType = text.plist.xml; path = Info.plist; sourceTree = "<group>"; };
		4AB4C2B8276AC60F00910D44 /* Swift-Asynch-Wait-OperationUITests.xctest */ = {isa = PBXFileReference; explicitFileType = wrapper.cfbundle; includeInIndex = 0; path = "Swift-Asynch-Wait-OperationUITests.xctest"; sourceTree = BUILT_PRODUCTS_DIR; };
		4AB4C2BC276AC60F00910D44 /* Swift_Asynch_Wait_OperationUITests.swift */ = {isa = PBXFileReference; lastKnownFileType = sourcecode.swift; path = Swift_Asynch_Wait_OperationUITests.swift; sourceTree = "<group>"; };
		4AB4C2BE276AC60F00910D44 /* Info.plist */ = {isa = PBXFileReference; lastKnownFileType = text.plist.xml; path = Info.plist; sourceTree = "<group>"; };
/* End PBXFileReference section */

/* Begin PBXFrameworksBuildPhase section */
		4AB4C294276AC60D00910D44 /* Frameworks */ = {
			isa = PBXFrameworksBuildPhase;
			buildActionMask = 2147483647;
			files = (
			);
			runOnlyForDeploymentPostprocessing = 0;
		};
		4AB4C2AA276AC60F00910D44 /* Frameworks */ = {
			isa = PBXFrameworksBuildPhase;
			buildActionMask = 2147483647;
			files = (
			);
			runOnlyForDeploymentPostprocessing = 0;
		};
		4AB4C2B5276AC60F00910D44 /* Frameworks */ = {
			isa = PBXFrameworksBuildPhase;
			buildActionMask = 2147483647;
			files = (
			);
			runOnlyForDeploymentPostprocessing = 0;
		};
/* End PBXFrameworksBuildPhase section */

/* Begin PBXGroup section */
		4AB4C28E276AC60D00910D44 = {
			isa = PBXGroup;
			children = (
				4AB4C299276AC60D00910D44 /* Swift-Asynch-Wait-Operation */,
				4AB4C2B0276AC60F00910D44 /* Swift-Asynch-Wait-OperationTests */,
				4AB4C2BB276AC60F00910D44 /* Swift-Asynch-Wait-OperationUITests */,
				4AB4C298276AC60D00910D44 /* Products */,
			);
			sourceTree = "<group>";
		};
		4AB4C298276AC60D00910D44 /* Products */ = {
			isa = PBXGroup;
			children = (
				4AB4C297276AC60D00910D44 /* Swift-Asynch-Wait-Operation.app */,
				4AB4C2AD276AC60F00910D44 /* Swift-Asynch-Wait-OperationTests.xctest */,
				4AB4C2B8276AC60F00910D44 /* Swift-Asynch-Wait-OperationUITests.xctest */,
			);
			name = Products;
			sourceTree = "<group>";
		};
		4AB4C299276AC60D00910D44 /* Swift-Asynch-Wait-Operation */ = {
			isa = PBXGroup;
			children = (
				4AB4C29A276AC60D00910D44 /* AppDelegate.swift */,
				4AB4C29C276AC60D00910D44 /* SceneDelegate.swift */,
				4AB4C29E276AC60D00910D44 /* ViewController.swift */,
				4AB4C2A0276AC60D00910D44 /* Main.storyboard */,
				4AB4C2A3276AC60E00910D44 /* Assets.xcassets */,
				4AB4C2A5276AC60E00910D44 /* LaunchScreen.storyboard */,
				4AB4C2A8276AC60E00910D44 /* Info.plist */,
			);
			path = "Swift-Asynch-Wait-Operation";
			sourceTree = "<group>";
		};
		4AB4C2B0276AC60F00910D44 /* Swift-Asynch-Wait-OperationTests */ = {
			isa = PBXGroup;
			children = (
				4AB4C2B1276AC60F00910D44 /* Swift_Asynch_Wait_OperationTests.swift */,
				4AB4C2B3276AC60F00910D44 /* Info.plist */,
			);
			path = "Swift-Asynch-Wait-OperationTests";
			sourceTree = "<group>";
		};
		4AB4C2BB276AC60F00910D44 /* Swift-Asynch-Wait-OperationUITests */ = {
			isa = PBXGroup;
			children = (
				4AB4C2BC276AC60F00910D44 /* Swift_Asynch_Wait_OperationUITests.swift */,
				4AB4C2BE276AC60F00910D44 /* Info.plist */,
			);
			path = "Swift-Asynch-Wait-OperationUITests";
			sourceTree = "<group>";
		};
/* End PBXGroup section */

/* Begin PBXNativeTarget section */
		4AB4C296276AC60D00910D44 /* Swift-Asynch-Wait-Operation */ = {
			isa = PBXNativeTarget;
			buildConfigurationList = 4AB4C2C1276AC60F00910D44 /* Build configuration list for PBXNativeTarget "Swift-Asynch-Wait-Operation" */;
			buildPhases = (
				4AB4C293276AC60D00910D44 /* Sources */,
				4AB4C294276AC60D00910D44 /* Frameworks */,
				4AB4C295276AC60D00910D44 /* Resources */,
			);
			buildRules = (
			);
			dependencies = (
			);
			name = "Swift-Asynch-Wait-Operation";
			productName = "Swift-Asynch-Wait-Operation";
			productReference = 4AB4C297276AC60D00910D44 /* Swift-Asynch-Wait-Operation.app */;
			productType = "com.apple.product-type.application";
		};
		4AB4C2AC276AC60F00910D44 /* Swift-Asynch-Wait-OperationTests */ = {
			isa = PBXNativeTarget;
			buildConfigurationList = 4AB4C2C4276AC60F00910D44 /* Build configuration list for PBXNativeTarget "Swift-Asynch-Wait-OperationTests" */;
			buildPhases = (
				4AB4C2A9276AC60F00910D44 /* Sources */,
				4AB4C2AA276AC60F00910D44 /* Frameworks */,
				4AB4C2AB276AC60F00910D44 /* Resources */,
			);
			buildRules = (
			);
			dependencies = (
				4AB4C2AF276AC60F00910D44 /* PBXTargetDependency */,
			);
			name = "Swift-Asynch-Wait-OperationTests";
			productName = "Swift-Asynch-Wait-OperationTests";
			productReference = 4AB4C2AD276AC60F00910D44 /* Swift-Asynch-Wait-OperationTests.xctest */;
			productType = "com.apple.product-type.bundle.unit-test";
		};
		4AB4C2B7276AC60F00910D44 /* Swift-Asynch-Wait-OperationUITests */ = {
			isa = PBXNativeTarget;
			buildConfigurationList = 4AB4C2C7276AC60F00910D44 /* Build configuration list for PBXNativeTarget "Swift-Asynch-Wait-OperationUITests" */;
			buildPhases = (
				4AB4C2B4276AC60F00910D44 /* Sources */,
				4AB4C2B5276AC60F00910D44 /* Frameworks */,
				4AB4C2B6276AC60F00910D44 /* Resources */,
			);
			buildRules = (
			);
			dependencies = (
				4AB4C2BA276AC60F00910D44 /* PBXTargetDependency */,
			);
			name = "Swift-Asynch-Wait-OperationUITests";
			productName = "Swift-Asynch-Wait-OperationUITests";
			productReference = 4AB4C2B8276AC60F00910D44 /* Swift-Asynch-Wait-OperationUITests.xctest */;
			productType = "com.apple.product-type.bundle.ui-testing";
		};
/* End PBXNativeTarget section */

/* Begin PBXProject section */
		4AB4C28F276AC60D00910D44 /* Project object */ = {
			isa = PBXProject;
			attributes = {
				LastSwiftUpdateCheck = 1240;
				LastUpgradeCheck = 1240;
				TargetAttributes = {
					4AB4C296276AC60D00910D44 = {
						CreatedOnToolsVersion = 12.4;
					};
					4AB4C2AC276AC60F00910D44 = {
						CreatedOnToolsVersion = 12.4;
						TestTargetID = 4AB4C296276AC60D00910D44;
					};
					4AB4C2B7276AC60F00910D44 = {
						CreatedOnToolsVersion = 12.4;
						TestTargetID = 4AB4C296276AC60D00910D44;
					};
				};
			};
			buildConfigurationList = 4AB4C292276AC60D00910D44 /* Build configuration list for PBXProject "Swift-Asynch-Wait-Operation" */;
			compatibilityVersion = "Xcode 9.3";
			developmentRegion = en;
			hasScannedForEncodings = 0;
			knownRegions = (
				en,
				Base,
			);
			mainGroup = 4AB4C28E276AC60D00910D44;
			productRefGroup = 4AB4C298276AC60D00910D44 /* Products */;
			projectDirPath = "";
			projectRoot = "";
			targets = (
				4AB4C296276AC60D00910D44 /* Swift-Asynch-Wait-Operation */,
				4AB4C2AC276AC60F00910D44 /* Swift-Asynch-Wait-OperationTests */,
				4AB4C2B7276AC60F00910D44 /* Swift-Asynch-Wait-OperationUITests */,
			);
		};
/* End PBXProject section */

/* Begin PBXResourcesBuildPhase section */
		4AB4C295276AC60D00910D44 /* Resources */ = {
			isa = PBXResourcesBuildPhase;
			buildActionMask = 2147483647;
			files = (
				4AB4C2A7276AC60E00910D44 /* LaunchScreen.storyboard in Resources */,
				4AB4C2A4276AC60E00910D44 /* Assets.xcassets in Resources */,
				4AB4C2A2276AC60D00910D44 /* Main.storyboard in Resources */,
			);
			runOnlyForDeploymentPostprocessing = 0;
		};
		4AB4C2AB276AC60F00910D44 /* Resources */ = {
			isa = PBXResourcesBuildPhase;
			buildActionMask = 2147483647;
			files = (
			);
			runOnlyForDeploymentPostprocessing = 0;
		};
		4AB4C2B6276AC60F00910D44 /* Resources */ = {
			isa = PBXResourcesBuildPhase;
			buildActionMask = 2147483647;
			files = (
			);
			runOnlyForDeploymentPostprocessing = 0;
		};
/* End PBXResourcesBuildPhase section */

/* Begin PBXSourcesBuildPhase section */
		4AB4C293276AC60D00910D44 /* Sources */ = {
			isa = PBXSourcesBuildPhase;
			buildActionMask = 2147483647;
			files = (
				4AB4C29F276AC60D00910D44 /* ViewController.swift in Sources */,
				4AB4C29B276AC60D00910D44 /* AppDelegate.swift in Sources */,
				4AB4C29D276AC60D00910D44 /* SceneDelegate.swift in Sources */,
			);
			runOnlyForDeploymentPostprocessing = 0;
		};
		4AB4C2A9276AC60F00910D44 /* Sources */ = {
			isa = PBXSourcesBuildPhase;
			buildActionMask = 2147483647;
			files = (
				4AB4C2B2276AC60F00910D44 /* Swift_Asynch_Wait_OperationTests.swift in Sources */,
			);
			runOnlyForDeploymentPostprocessing = 0;
		};
		4AB4C2B4276AC60F00910D44 /* Sources */ = {
			isa = PBXSourcesBuildPhase;
			buildActionMask = 2147483647;
			files = (
				4AB4C2BD276AC60F00910D44 /* Swift_Asynch_Wait_OperationUITests.swift in Sources */,
			);
			runOnlyForDeploymentPostprocessing = 0;
		};
/* End PBXSourcesBuildPhase section */

/* Begin PBXTargetDependency section */
		4AB4C2AF276AC60F00910D44 /* PBXTargetDependency */ = {
			isa = PBXTargetDependency;
			target = 4AB4C296276AC60D00910D44 /* Swift-Asynch-Wait-Operation */;
			targetProxy = 4AB4C2AE276AC60F00910D44 /* PBXContainerItemProxy */;
		};
		4AB4C2BA276AC60F00910D44 /* PBXTargetDependency */ = {
			isa = PBXTargetDependency;
			target = 4AB4C296276AC60D00910D44 /* Swift-Asynch-Wait-Operation */;
			targetProxy = 4AB4C2B9276AC60F00910D44 /* PBXContainerItemProxy */;
		};
/* End PBXTargetDependency section */

/* Begin PBXVariantGroup section */
		4AB4C2A0276AC60D00910D44 /* Main.storyboard */ = {
			isa = PBXVariantGroup;
			children = (
				4AB4C2A1276AC60D00910D44 /* Base */,
			);
			name = Main.storyboard;
			sourceTree = "<group>";
		};
		4AB4C2A5276AC60E00910D44 /* LaunchScreen.storyboard */ = {
			isa = PBXVariantGroup;
			children = (
				4AB4C2A6276AC60E00910D44 /* Base */,
			);
			name = LaunchScreen.storyboard;
			sourceTree = "<group>";
		};
/* End PBXVariantGroup section */

/* Begin XCBuildConfiguration section */
		4AB4C2BF276AC60F00910D44 /* Debug */ = {
			isa = XCBuildConfiguration;
			buildSettings = {
				ALWAYS_SEARCH_USER_PATHS = NO;
				CLANG_ANALYZER_NONNULL = YES;
				CLANG_ANALYZER_NUMBER_OBJECT_CONVERSION = YES_AGGRESSIVE;
				CLANG_CXX_LANGUAGE_STANDARD = "gnu++14";
				CLANG_CXX_LIBRARY = "libc++";
				CLANG_ENABLE_MODULES = YES;
				CLANG_ENABLE_OBJC_ARC = YES;
				CLANG_ENABLE_OBJC_WEAK = YES;
				CLANG_WARN_BLOCK_CAPTURE_AUTORELEASING = YES;
				CLANG_WARN_BOOL_CONVERSION = YES;
				CLANG_WARN_COMMA = YES;
				CLANG_WARN_CONSTANT_CONVERSION = YES;
				CLANG_WARN_DEPRECATED_OBJC_IMPLEMENTATIONS = YES;
				CLANG_WARN_DIRECT_OBJC_ISA_USAGE = YES_ERROR;
				CLANG_WARN_DOCUMENTATION_COMMENTS = YES;
				CLANG_WARN_EMPTY_BODY = YES;
				CLANG_WARN_ENUM_CONVERSION = YES;
				CLANG_WARN_INFINITE_RECURSION = YES;
				CLANG_WARN_INT_CONVERSION = YES;
				CLANG_WARN_NON_LITERAL_NULL_CONVERSION = YES;
				CLANG_WARN_OBJC_IMPLICIT_RETAIN_SELF = YES;
				CLANG_WARN_OBJC_LITERAL_CONVERSION = YES;
				CLANG_WARN_OBJC_ROOT_CLASS = YES_ERROR;
				CLANG_WARN_QUOTED_INCLUDE_IN_FRAMEWORK_HEADER = YES;
				CLANG_WARN_RANGE_LOOP_ANALYSIS = YES;
				CLANG_WARN_STRICT_PROTOTYPES = YES;
				CLANG_WARN_SUSPICIOUS_MOVE = YES;
				CLANG_WARN_UNGUARDED_AVAILABILITY = YES_AGGRESSIVE;
				CLANG_WARN_UNREACHABLE_CODE = YES;
				CLANG_WARN__DUPLICATE_METHOD_MATCH = YES;
				COPY_PHASE_STRIP = NO;
				DEBUG_INFORMATION_FORMAT = dwarf;
				ENABLE_STRICT_OBJC_MSGSEND = YES;
				ENABLE_TESTABILITY = YES;
				GCC_C_LANGUAGE_STANDARD = gnu11;
				GCC_DYNAMIC_NO_PIC = NO;
				GCC_NO_COMMON_BLOCKS = YES;
				GCC_OPTIMIZATION_LEVEL = 0;
				GCC_PREPROCESSOR_DEFINITIONS = (
					"DEBUG=1",
					"$(inherited)",
				);
				GCC_WARN_64_TO_32_BIT_CONVERSION = YES;
				GCC_WARN_ABOUT_RETURN_TYPE = YES_ERROR;
				GCC_WARN_UNDECLARED_SELECTOR = YES;
				GCC_WARN_UNINITIALIZED_AUTOS = YES_AGGRESSIVE;
				GCC_WARN_UNUSED_FUNCTION = YES;
				GCC_WARN_UNUSED_VARIABLE = YES;
				IPHONEOS_DEPLOYMENT_TARGET = 14.4;
				MTL_ENABLE_DEBUG_INFO = INCLUDE_SOURCE;
				MTL_FAST_MATH = YES;
				ONLY_ACTIVE_ARCH = YES;
				SDKROOT = iphoneos;
				SWIFT_ACTIVE_COMPILATION_CONDITIONS = DEBUG;
				SWIFT_OPTIMIZATION_LEVEL = "-Onone";
			};
			name = Debug;
		};
		4AB4C2C0276AC60F00910D44 /* Release */ = {
			isa = XCBuildConfiguration;
			buildSettings = {
				ALWAYS_SEARCH_USER_PATHS = NO;
				CLANG_ANALYZER_NONNULL = YES;
				CLANG_ANALYZER_NUMBER_OBJECT_CONVERSION = YES_AGGRESSIVE;
				CLANG_CXX_LANGUAGE_STANDARD = "gnu++14";
				CLANG_CXX_LIBRARY = "libc++";
				CLANG_ENABLE_MODULES = YES;
				CLANG_ENABLE_OBJC_ARC = YES;
				CLANG_ENABLE_OBJC_WEAK = YES;
				CLANG_WARN_BLOCK_CAPTURE_AUTORELEASING = YES;
				CLANG_WARN_BOOL_CONVERSION = YES;
				CLANG_WARN_COMMA = YES;
				CLANG_WARN_CONSTANT_CONVERSION = YES;
				CLANG_WARN_DEPRECATED_OBJC_IMPLEMENTATIONS = YES;
				CLANG_WARN_DIRECT_OBJC_ISA_USAGE = YES_ERROR;
				CLANG_WARN_DOCUMENTATION_COMMENTS = YES;
				CLANG_WARN_EMPTY_BODY = YES;
				CLANG_WARN_ENUM_CONVERSION = YES;
				CLANG_WARN_INFINITE_RECURSION = YES;
				CLANG_WARN_INT_CONVERSION = YES;
				CLANG_WARN_NON_LITERAL_NULL_CONVERSION = YES;
				CLANG_WARN_OBJC_IMPLICIT_RETAIN_SELF = YES;
				CLANG_WARN_OBJC_LITERAL_CONVERSION = YES;
				CLANG_WARN_OBJC_ROOT_CLASS = YES_ERROR;
				CLANG_WARN_QUOTED_INCLUDE_IN_FRAMEWORK_HEADER = YES;
				CLANG_WARN_RANGE_LOOP_ANALYSIS = YES;
				CLANG_WARN_STRICT_PROTOTYPES = YES;
				CLANG_WARN_SUSPICIOUS_MOVE = YES;
				CLANG_WARN_UNGUARDED_AVAILABILITY = YES_AGGRESSIVE;
				CLANG_WARN_UNREACHABLE_CODE = YES;
				CLANG_WARN__DUPLICATE_METHOD_MATCH = YES;
				COPY_PHASE_STRIP = NO;
				DEBUG_INFORMATION_FORMAT = "dwarf-with-dsym";
				ENABLE_NS_ASSERTIONS = NO;
				ENABLE_STRICT_OBJC_MSGSEND = YES;
				GCC_C_LANGUAGE_STANDARD = gnu11;
				GCC_NO_COMMON_BLOCKS = YES;
				GCC_WARN_64_TO_32_BIT_CONVERSION = YES;
				GCC_WARN_ABOUT_RETURN_TYPE = YES_ERROR;
				GCC_WARN_UNDECLARED_SELECTOR = YES;
				GCC_WARN_UNINITIALIZED_AUTOS = YES_AGGRESSIVE;
				GCC_WARN_UNUSED_FUNCTION = YES;
				GCC_WARN_UNUSED_VARIABLE = YES;
				IPHONEOS_DEPLOYMENT_TARGET = 14.4;
				MTL_ENABLE_DEBUG_INFO = NO;
				MTL_FAST_MATH = YES;
				SDKROOT = iphoneos;
				SWIFT_COMPILATION_MODE = wholemodule;
				SWIFT_OPTIMIZATION_LEVEL = "-O";
				VALIDATE_PRODUCT = YES;
			};
			name = Release;
		};
		4AB4C2C2276AC60F00910D44 /* Debug */ = {
			isa = XCBuildConfiguration;
			buildSettings = {
				ASSETCATALOG_COMPILER_APPICON_NAME = AppIcon;
				ASSETCATALOG_COMPILER_GLOBAL_ACCENT_COLOR_NAME = AccentColor;
				CODE_SIGN_STYLE = Automatic;
				DEVELOPMENT_TEAM = K6X56F623L;
				INFOPLIST_FILE = "Swift-Asynch-Wait-Operation/Info.plist";
				LD_RUNPATH_SEARCH_PATHS = (
					"$(inherited)",
					"@executable_path/Frameworks",
				);
				PRODUCT_BUNDLE_IDENTIFIER = "com.sachindaingade.Swift-Asynch-Wait-Operation";
				PRODUCT_NAME = "$(TARGET_NAME)";
				SWIFT_VERSION = 5.0;
				TARGETED_DEVICE_FAMILY = "1,2";
			};
			name = Debug;
		};
		4AB4C2C3276AC60F00910D44 /* Release */ = {
			isa = XCBuildConfiguration;
			buildSettings = {
				ASSETCATALOG_COMPILER_APPICON_NAME = AppIcon;
				ASSETCATALOG_COMPILER_GLOBAL_ACCENT_COLOR_NAME = AccentColor;
				CODE_SIGN_STYLE = Automatic;
				DEVELOPMENT_TEAM = K6X56F623L;
				INFOPLIST_FILE = "Swift-Asynch-Wait-Operation/Info.plist";
				LD_RUNPATH_SEARCH_PATHS = (
					"$(inherited)",
					"@executable_path/Frameworks",
				);
				PRODUCT_BUNDLE_IDENTIFIER = "com.sachindaingade.Swift-Asynch-Wait-Operation";
				PRODUCT_NAME = "$(TARGET_NAME)";
				SWIFT_VERSION = 5.0;
				TARGETED_DEVICE_FAMILY = "1,2";
			};
			name = Release;
		};
		4AB4C2C5276AC60F00910D44 /* Debug */ = {
			isa = XCBuildConfiguration;
			buildSettings = {
				ALWAYS_EMBED_SWIFT_STANDARD_LIBRARIES = YES;
				BUNDLE_LOADER = "$(TEST_HOST)";
				CODE_SIGN_STYLE = Automatic;
				DEVELOPMENT_TEAM = K6X56F623L;
				INFOPLIST_FILE = "Swift-Asynch-Wait-OperationTests/Info.plist";
				IPHONEOS_DEPLOYMENT_TARGET = 14.4;
				LD_RUNPATH_SEARCH_PATHS = (
					"$(inherited)",
					"@executable_path/Frameworks",
					"@loader_path/Frameworks",
				);
				PRODUCT_BUNDLE_IDENTIFIER = "com.sachindaingade.Swift-Asynch-Wait-OperationTests";
				PRODUCT_NAME = "$(TARGET_NAME)";
				SWIFT_VERSION = 5.0;
				TARGETED_DEVICE_FAMILY = "1,2";
				TEST_HOST = "$(BUILT_PRODUCTS_DIR)/Swift-Asynch-Wait-Operation.app/Swift-Asynch-Wait-Operation";
			};
			name = Debug;
		};
		4AB4C2C6276AC60F00910D44 /* Release */ = {
			isa = XCBuildConfiguration;
			buildSettings = {
				ALWAYS_EMBED_SWIFT_STANDARD_LIBRARIES = YES;
				BUNDLE_LOADER = "$(TEST_HOST)";
				CODE_SIGN_STYLE = Automatic;
				DEVELOPMENT_TEAM = K6X56F623L;
				INFOPLIST_FILE = "Swift-Asynch-Wait-OperationTests/Info.plist";
				IPHONEOS_DEPLOYMENT_TARGET = 14.4;
				LD_RUNPATH_SEARCH_PATHS = (
					"$(inherited)",
					"@executable_path/Frameworks",
					"@loader_path/Frameworks",
				);
				PRODUCT_BUNDLE_IDENTIFIER = "com.sachindaingade.Swift-Asynch-Wait-OperationTests";
				PRODUCT_NAME = "$(TARGET_NAME)";
				SWIFT_VERSION = 5.0;
				TARGETED_DEVICE_FAMILY = "1,2";
				TEST_HOST = "$(BUILT_PRODUCTS_DIR)/Swift-Asynch-Wait-Operation.app/Swift-Asynch-Wait-Operation";
			};
			name = Release;
		};
		4AB4C2C8276AC60F00910D44 /* Debug */ = {
			isa = XCBuildConfiguration;
			buildSettings = {
				ALWAYS_EMBED_SWIFT_STANDARD_LIBRARIES = YES;
				CODE_SIGN_STYLE = Automatic;
				DEVELOPMENT_TEAM = K6X56F623L;
				INFOPLIST_FILE = "Swift-Asynch-Wait-OperationUITests/Info.plist";
				LD_RUNPATH_SEARCH_PATHS = (
					"$(inherited)",
					"@executable_path/Frameworks",
					"@loader_path/Frameworks",
				);
				PRODUCT_BUNDLE_IDENTIFIER = "com.sachindaingade.Swift-Asynch-Wait-OperationUITests";
				PRODUCT_NAME = "$(TARGET_NAME)";
				SWIFT_VERSION = 5.0;
				TARGETED_DEVICE_FAMILY = "1,2";
				TEST_TARGET_NAME = "Swift-Asynch-Wait-Operation";
			};
			name = Debug;
		};
		4AB4C2C9276AC60F00910D44 /* Release */ = {
			isa = XCBuildConfiguration;
			buildSettings = {
				ALWAYS_EMBED_SWIFT_STANDARD_LIBRARIES = YES;
				CODE_SIGN_STYLE = Automatic;
				DEVELOPMENT_TEAM = K6X56F623L;
				INFOPLIST_FILE = "Swift-Asynch-Wait-OperationUITests/Info.plist";
				LD_RUNPATH_SEARCH_PATHS = (
					"$(inherited)",
					"@executable_path/Frameworks",
					"@loader_path/Frameworks",
				);
				PRODUCT_BUNDLE_IDENTIFIER = "com.sachindaingade.Swift-Asynch-Wait-OperationUITests";
				PRODUCT_NAME = "$(TARGET_NAME)";
				SWIFT_VERSION = 5.0;
				TARGETED_DEVICE_FAMILY = "1,2";
				TEST_TARGET_NAME = "Swift-Asynch-Wait-Operation";
			};
			name = Release;
		};
/* End XCBuildConfiguration section */

/* Begin XCConfigurationList section */
		4AB4C292276AC60D00910D44 /* Build configuration list for PBXProject "Swift-Asynch-Wait-Operation" */ = {
			isa = XCConfigurationList;
			buildConfigurations = (
				4AB4C2BF276AC60F00910D44 /* Debug */,
				4AB4C2C0276AC60F00910D44 /* Release */,
			);
			defaultConfigurationIsVisible = 0;
			defaultConfigurationName = Release;
		};
		4AB4C2C1276AC60F00910D44 /* Build configuration list for PBXNativeTarget "Swift-Asynch-Wait-Operation" */ = {
			isa = XCConfigurationList;
			buildConfigurations = (
				4AB4C2C2276AC60F00910D44 /* Debug */,
				4AB4C2C3276AC60F00910D44 /* Release */,
			);
			defaultConfigurationIsVisible = 0;
			defaultConfigurationName = Release;
		};
		4AB4C2C4276AC60F00910D44 /* Build configuration list for PBXNativeTarget "Swift-Asynch-Wait-OperationTests" */ = {
			isa = XCConfigurationList;
			buildConfigurations = (
				4AB4C2C5276AC60F00910D44 /* Debug */,
				4AB4C2C6276AC60F00910D44 /* Release */,
			);
			defaultConfigurationIsVisible = 0;
			defaultConfigurationName = Release;
		};
		4AB4C2C7276AC60F00910D44 /* Build configuration list for PBXNativeTarget "Swift-Asynch-Wait-OperationUITests" */ = {
			isa = XCConfigurationList;
			buildConfigurations = (
				4AB4C2C8276AC60F00910D44 /* Debug */,
				4AB4C2C9276AC60F00910D44 /* Release */,
			);
			defaultConfigurationIsVisible = 0;
			defaultConfigurationName = Release;
		};
/* End XCConfigurationList section */
	};
	rootObject = 4AB4C28F276AC60D00910D44 /* Project object */;
}
